
Microsoft Visual Studio Solution File, Format Version 12.00
# Visual Studio 15
VisualStudioVersion = 15.0.28307.106
MinimumVisualStudioVersion = 10.0.40219.1
Project("{2150E333-8FDC-42A3-9474-1A3956D46DE8}") = "01-DynaX", "01-DynaX", "{068964DB-9497-4CB3-AB54-63E0EE5E64F0}"
EndProject
Project("{2150E333-8FDC-42A3-9474-1A3956D46DE8}") = "02-Usages", "02-Usages", "{8600ED5F-6563-42DA-9FE3-2E658A3FD586}"
EndProject
Project("{9A19103F-16F7-4668-BE54-9A1E7A4F7556}") = "AspNetCore.DynaX", "AspNetCore.DynaX\AspNetCore.DynaX.csproj", "{55932CA2-4C0B-46EC-BCC3-82AE6CDB4004}"
EndProject
Project("{2150E333-8FDC-42A3-9474-1A3956D46DE8}") = "07-Logs", "07-Logs", "{F6736266-7CD3-4E0B-BA38-604E83CC6C77}"
EndProject
Project("{2150E333-8FDC-42A3-9474-1A3956D46DE8}") = "01-Serilogs", "01-Serilogs", "{73F5AFBE-B246-45DA-8CB2-BED2D0A58E49}"
EndProject
Project("{9A19103F-16F7-4668-BE54-9A1E7A4F7556}") = "AspNetCore.DynaX.Logs.Web", "AspNetCore.DynaX.Logs.Web\AspNetCore.DynaX.Logs.Web.csproj", "{DBD78E1D-274D-472F-959D-A395477D8DA9}"
EndProject
Project("{2150E333-8FDC-42A3-9474-1A3956D46DE8}") = "08-Caches", "08-Caches", "{589A1A1C-3CCB-4B7C-97B5-832F7F325034}"
EndProject
Project("{2150E333-8FDC-42A3-9474-1A3956D46DE8}") = "01-MemoryCaches", "01-MemoryCaches", "{DAFDAA58-E967-4952-8B63-FDC723C99F68}"
EndProject
Project("{9A19103F-16F7-4668-BE54-9A1E7A4F7556}") = "AspNetCore.DynaX.Caches.Web", "AspNetCore.DynaX.Caches.Web\AspNetCore.DynaX.Caches.Web.csproj", "{6F8FD0D5-40C3-4A0D-BA9C-903D30198E97}"
EndProject
Project("{2150E333-8FDC-42A3-9474-1A3956D46DE8}") = "05-DbContexts", "05-DbContexts", "{38F42F3E-6E4C-4228-9C07-16E4169099DC}"
EndProject
Project("{9A19103F-16F7-4668-BE54-9A1E7A4F7556}") = "AspNetCore.DynaX.DbContexts.Web", "AspNetCore.DynaX.DbContexts.Web\AspNetCore.DynaX.DbContexts.Web.csproj", "{2DA89B03-E122-4B45-9297-9FDCF486D694}"
EndProject
Project("{2150E333-8FDC-42A3-9474-1A3956D46DE8}") = "06-UnitOfWorks", "06-UnitOfWorks", "{9C96022A-048C-4EFB-8B10-61E8BF7586F1}"
EndProject
Project("{9A19103F-16F7-4668-BE54-9A1E7A4F7556}") = "AspNetCore.DynaX.UnitOfWorks.Web", "AspNetCore.DynaX.UnitOfWorks.Web\AspNetCore.DynaX.UnitOfWorks.Web.csproj", "{1BA059FF-F72A-4BF3-B934-116BC7A95DA8}"
EndProject
Project("{2150E333-8FDC-42A3-9474-1A3956D46DE8}") = "03-Tests", "03-Tests", "{B310ECDC-5706-4D82-BF34-0F14F523051E}"
EndProject
Project("{2150E333-8FDC-42A3-9474-1A3956D46DE8}") = "02-DynaX", "02-DynaX", "{E2DDF2FB-1D40-478D-9630-0C284F89F489}"
EndProject
Project("{9A19103F-16F7-4668-BE54-9A1E7A4F7556}") = "AspNetCore.DynaX.Web", "AspNetCore.DynaX.Web\AspNetCore.DynaX.Web.csproj", "{7DF50ACF-7576-4B7F-8578-ECABA24CEAA7}"
EndProject
Project("{2150E333-8FDC-42A3-9474-1A3956D46DE8}") = "04-Tools", "04-Tools", "{6F7510CB-93CF-45D5-9914-CB09B54DE24C}"
EndProject
Project("{2150E333-8FDC-42A3-9474-1A3956D46DE8}") = "01-Myrmec", "01-Myrmec", "{858DF06D-FD16-4D0D-ADA8-9DE3473CBEF1}"
EndProject
Project("{FAE04EC0-301F-11D3-BF4B-00C04F79EFBC}") = "AspNetCore.DynaX.Myrmec", "AspNetCore.DynaX.Myrmec\AspNetCore.DynaX.Myrmec.csproj", "{ED22E813-6433-4404-B949-FB045BB4D78D}"
EndProject
Global
	GlobalSection(SolutionConfigurationPlatforms) = preSolution
		Debug|Any CPU = Debug|Any CPU
		Release|Any CPU = Release|Any CPU
	EndGlobalSection
	GlobalSection(ProjectConfigurationPlatforms) = postSolution
		{55932CA2-4C0B-46EC-BCC3-82AE6CDB4004}.Debug|Any CPU.ActiveCfg = Debug|Any CPU
		{55932CA2-4C0B-46EC-BCC3-82AE6CDB4004}.Debug|Any CPU.Build.0 = Debug|Any CPU
		{55932CA2-4C0B-46EC-BCC3-82AE6CDB4004}.Release|Any CPU.ActiveCfg = Release|Any CPU
		{55932CA2-4C0B-46EC-BCC3-82AE6CDB4004}.Release|Any CPU.Build.0 = Release|Any CPU
		{DBD78E1D-274D-472F-959D-A395477D8DA9}.Debug|Any CPU.ActiveCfg = Debug|Any CPU
		{DBD78E1D-274D-472F-959D-A395477D8DA9}.Debug|Any CPU.Build.0 = Debug|Any CPU
		{DBD78E1D-274D-472F-959D-A395477D8DA9}.Release|Any CPU.ActiveCfg = Release|Any CPU
		{DBD78E1D-274D-472F-959D-A395477D8DA9}.Release|Any CPU.Build.0 = Release|Any CPU
		{6F8FD0D5-40C3-4A0D-BA9C-903D30198E97}.Debug|Any CPU.ActiveCfg = Debug|Any CPU
		{6F8FD0D5-40C3-4A0D-BA9C-903D30198E97}.Debug|Any CPU.Build.0 = Debug|Any CPU
		{6F8FD0D5-40C3-4A0D-BA9C-903D30198E97}.Release|Any CPU.ActiveCfg = Release|Any CPU
		{6F8FD0D5-40C3-4A0D-BA9C-903D30198E97}.Release|Any CPU.Build.0 = Release|Any CPU
		{2DA89B03-E122-4B45-9297-9FDCF486D694}.Debug|Any CPU.ActiveCfg = Debug|Any CPU
		{2DA89B03-E122-4B45-9297-9FDCF486D694}.Debug|Any CPU.Build.0 = Debug|Any CPU
		{2DA89B03-E122-4B45-9297-9FDCF486D694}.Release|Any CPU.ActiveCfg = Release|Any CPU
		{2DA89B03-E122-4B45-9297-9FDCF486D694}.Release|Any CPU.Build.0 = Release|Any CPU
		{1BA059FF-F72A-4BF3-B934-116BC7A95DA8}.Debug|Any CPU.ActiveCfg = Debug|Any CPU
		{1BA059FF-F72A-4BF3-B934-116BC7A95DA8}.Debug|Any CPU.Build.0 = Debug|Any CPU
		{1BA059FF-F72A-4BF3-B934-116BC7A95DA8}.Release|Any CPU.ActiveCfg = Release|Any CPU
		{1BA059FF-F72A-4BF3-B934-116BC7A95DA8}.Release|Any CPU.Build.0 = Release|Any CPU
		{7DF50ACF-7576-4B7F-8578-ECABA24CEAA7}.Debug|Any CPU.ActiveCfg = Debug|Any CPU
		{7DF50ACF-7576-4B7F-8578-ECABA24CEAA7}.Debug|Any CPU.Build.0 = Debug|Any CPU
		{7DF50ACF-7576-4B7F-8578-ECABA24CEAA7}.Release|Any CPU.ActiveCfg = Release|Any CPU
		{7DF50ACF-7576-4B7F-8578-ECABA24CEAA7}.Release|Any CPU.Build.0 = Release|Any CPU
		{ED22E813-6433-4404-B949-FB045BB4D78D}.Debug|Any CPU.ActiveCfg = Debug|Any CPU
		{ED22E813-6433-4404-B949-FB045BB4D78D}.Debug|Any CPU.Build.0 = Debug|Any CPU
		{ED22E813-6433-4404-B949-FB045BB4D78D}.Release|Any CPU.ActiveCfg = Release|Any CPU
		{ED22E813-6433-4404-B949-FB045BB4D78D}.Release|Any CPU.Build.0 = Release|Any CPU
	EndGlobalSection
	GlobalSection(SolutionProperties) = preSolution
		HideSolutionNode = FALSE
	EndGlobalSection
	GlobalSection(NestedProjects) = preSolution
		{55932CA2-4C0B-46EC-BCC3-82AE6CDB4004} = {068964DB-9497-4CB3-AB54-63E0EE5E64F0}
		{F6736266-7CD3-4E0B-BA38-604E83CC6C77} = {8600ED5F-6563-42DA-9FE3-2E658A3FD586}
		{73F5AFBE-B246-45DA-8CB2-BED2D0A58E49} = {F6736266-7CD3-4E0B-BA38-604E83CC6C77}
		{DBD78E1D-274D-472F-959D-A395477D8DA9} = {73F5AFBE-B246-45DA-8CB2-BED2D0A58E49}
		{589A1A1C-3CCB-4B7C-97B5-832F7F325034} = {8600ED5F-6563-42DA-9FE3-2E658A3FD586}
		{DAFDAA58-E967-4952-8B63-FDC723C99F68} = {589A1A1C-3CCB-4B7C-97B5-832F7F325034}
		{6F8FD0D5-40C3-4A0D-BA9C-903D30198E97} = {DAFDAA58-E967-4952-8B63-FDC723C99F68}
		{38F42F3E-6E4C-4228-9C07-16E4169099DC} = {8600ED5F-6563-42DA-9FE3-2E658A3FD586}
		{2DA89B03-E122-4B45-9297-9FDCF486D694} = {38F42F3E-6E4C-4228-9C07-16E4169099DC}
		{9C96022A-048C-4EFB-8B10-61E8BF7586F1} = {8600ED5F-6563-42DA-9FE3-2E658A3FD586}
		{1BA059FF-F72A-4BF3-B934-116BC7A95DA8} = {9C96022A-048C-4EFB-8B10-61E8BF7586F1}
		{E2DDF2FB-1D40-478D-9630-0C284F89F489} = {8600ED5F-6563-42DA-9FE3-2E658A3FD586}
		{7DF50ACF-7576-4B7F-8578-ECABA24CEAA7} = {E2DDF2FB-1D40-478D-9630-0C284F89F489}
		{858DF06D-FD16-4D0D-ADA8-9DE3473CBEF1} = {6F7510CB-93CF-45D5-9914-CB09B54DE24C}
		{ED22E813-6433-4404-B949-FB045BB4D78D} = {858DF06D-FD16-4D0D-ADA8-9DE3473CBEF1}
	EndGlobalSection
	GlobalSection(ExtensibilityGlobals) = postSolution
		SolutionGuid = {5342BB79-1D12-420F-8478-7B6D16122D35}
	EndGlobalSection
EndGlobal
